
Microsoft Visual Studio Solution File, Format Version 12.00
# Visual Studio Version 17
VisualStudioVersion = 17.9.34622.214
MinimumVisualStudioVersion = 10.0.40219.1
Project("{FAE04EC0-301F-11D3-BF4B-00C04F79EFBC}") = "CleanArchitecture.Domain", "CleanArchitecture.Domain\CleanArchitecture.Domain.csproj", "{3B578B7C-0587-4EE0-9FE3-C443AF9209BB}"
EndProject
Project("{FAE04EC0-301F-11D3-BF4B-00C04F79EFBC}") = "CleanArchitecture.Application", "CleanArchitecture.Application\CleanArchitecture.Application.csproj", "{EFD3AD07-BD66-4C99-8DCC-BA5D1E646C4A}"
EndProject
Project("{FAE04EC0-301F-11D3-BF4B-00C04F79EFBC}") = "CleanArchitecture.Infra.Data", "CleanArchitecture.Infra.Data\CleanArchitecture.Infra.Data.csproj", "{58A8B593-236A-470C-B9D2-86F6051F4FF9}"
EndProject
Project("{FAE04EC0-301F-11D3-BF4B-00C04F79EFBC}") = "CleanArchitecture.Infra.IoC", "CleanArchitecture.Infra.IoC\CleanArchitecture.Infra.IoC.csproj", "{0F7DEAE6-79D6-442A-8FB6-F9E80675B03C}"
EndProject
Project("{FAE04EC0-301F-11D3-BF4B-00C04F79EFBC}") = "CleanArchitecture.WebUI", "CleanArchitecture.WebUI\CleanArchitecture.WebUI.csproj", "{4905A27B-22A4-44FD-B62C-5F0F2CA04087}"
EndProject
Project("{2150E333-8FDC-42A3-9474-1A3956D46DE8}") = "Tests", "Tests", "{C53AC17F-4D34-46A7-BAAA-3CA9A9967C96}"
EndProject
Project("{FAE04EC0-301F-11D3-BF4B-00C04F79EFBC}") = "CleanArchitecture.Domain.Tests", "CleanArchitecture.Domain.Tests\CleanArchitecture.Domain.Tests.csproj", "{C761FA51-9F72-4727-9CA1-4761E938DF5C}"
EndProject
Global
	GlobalSection(SolutionConfigurationPlatforms) = preSolution
		Debug|Any CPU = Debug|Any CPU
		Release|Any CPU = Release|Any CPU
	EndGlobalSection
	GlobalSection(ProjectConfigurationPlatforms) = postSolution
		{3B578B7C-0587-4EE0-9FE3-C443AF9209BB}.Debug|Any CPU.ActiveCfg = Debug|Any CPU
		{3B578B7C-0587-4EE0-9FE3-C443AF9209BB}.Debug|Any CPU.Build.0 = Debug|Any CPU
		{3B578B7C-0587-4EE0-9FE3-C443AF9209BB}.Release|Any CPU.ActiveCfg = Release|Any CPU
		{3B578B7C-0587-4EE0-9FE3-C443AF9209BB}.Release|Any CPU.Build.0 = Release|Any CPU
		{EFD3AD07-BD66-4C99-8DCC-BA5D1E646C4A}.Debug|Any CPU.ActiveCfg = Debug|Any CPU
		{EFD3AD07-BD66-4C99-8DCC-BA5D1E646C4A}.Debug|Any CPU.Build.0 = Debug|Any CPU
		{EFD3AD07-BD66-4C99-8DCC-BA5D1E646C4A}.Release|Any CPU.ActiveCfg = Release|Any CPU
		{EFD3AD07-BD66-4C99-8DCC-BA5D1E646C4A}.Release|Any CPU.Build.0 = Release|Any CPU
		{58A8B593-236A-470C-B9D2-86F6051F4FF9}.Debug|Any CPU.ActiveCfg = Debug|Any CPU
		{58A8B593-236A-470C-B9D2-86F6051F4FF9}.Debug|Any CPU.Build.0 = Debug|Any CPU
		{58A8B593-236A-470C-B9D2-86F6051F4FF9}.Release|Any CPU.ActiveCfg = Release|Any CPU
		{58A8B593-236A-470C-B9D2-86F6051F4FF9}.Release|Any CPU.Build.0 = Release|Any CPU
		{0F7DEAE6-79D6-442A-8FB6-F9E80675B03C}.Debug|Any CPU.ActiveCfg = Debug|Any CPU
		{0F7DEAE6-79D6-442A-8FB6-F9E80675B03C}.Debug|Any CPU.Build.0 = Debug|Any CPU
		{0F7DEAE6-79D6-442A-8FB6-F9E80675B03C}.Release|Any CPU.ActiveCfg = Release|Any CPU
		{0F7DEAE6-79D6-442A-8FB6-F9E80675B03C}.Release|Any CPU.Build.0 = Release|Any CPU
		{4905A27B-22A4-44FD-B62C-5F0F2CA04087}.Debug|Any CPU.ActiveCfg = Debug|Any CPU
		{4905A27B-22A4-44FD-B62C-5F0F2CA04087}.Debug|Any CPU.Build.0 = Debug|Any CPU
		{4905A27B-22A4-44FD-B62C-5F0F2CA04087}.Release|Any CPU.ActiveCfg = Release|Any CPU
		{4905A27B-22A4-44FD-B62C-5F0F2CA04087}.Release|Any CPU.Build.0 = Release|Any CPU
		{C761FA51-9F72-4727-9CA1-4761E938DF5C}.Debug|Any CPU.ActiveCfg = Debug|Any CPU
		{C761FA51-9F72-4727-9CA1-4761E938DF5C}.Debug|Any CPU.Build.0 = Debug|Any CPU
		{C761FA51-9F72-4727-9CA1-4761E938DF5C}.Release|Any CPU.ActiveCfg = Release|Any CPU
		{C761FA51-9F72-4727-9CA1-4761E938DF5C}.Release|Any CPU.Build.0 = Release|Any CPU
	EndGlobalSection
	GlobalSection(SolutionProperties) = preSolution
		HideSolutionNode = FALSE
	EndGlobalSection
	GlobalSection(NestedProjects) = preSolution
		{C761FA51-9F72-4727-9CA1-4761E938DF5C} = {C53AC17F-4D34-46A7-BAAA-3CA9A9967C96}
	EndGlobalSection
	GlobalSection(ExtensibilityGlobals) = postSolution
		SolutionGuid = {8843AEDC-CB64-4320-B092-817DFB1DC711}
	EndGlobalSection
EndGlobal
